-- =============================================
-- 02_SeedData.sql
-- =============================================
USE SistemaVentasDb;
GO

INSERT INTO dbo.ConfiguracionEmpresa (NombreEmpresa, Ruc, Direccion, Telefono, Correo, Moneda, IgvPorcentaje)
VALUES ('Mi Punto de Venta', '20123456789', 'Av. Principal 123', '987654321', 'ventas@micomercio.com', 'PEN', 18.00);

INSERT INTO dbo.Usuarios (NombreUsuario, Contrasena, NombreCompleto, Rol, Activo)
VALUES ('admin', 'admin123', 'Administrador del Sistema', 'Administrador', 1),
       ('cajero', 'cajero123', 'Cajero Principal', 'Cajero', 1);

INSERT INTO dbo.Clientes (Nombre, Apellido, Documento, TipoDocumento, Telefono, Correo, Direccion, Activo)
VALUES ('Juan', 'Pérez', '12345678', 'DNI', '987123456', 'juan@mail.com', 'Jr. Lima 101', 1),
       ('María', 'López', '87654321', 'DNI', '986543210', 'maria@mail.com', 'Av. Central 202', 1);

INSERT INTO dbo.Categorias (Nombre, Descripcion, Activo)
VALUES ('Bebidas', 'Refrescos, aguas y bebidas', 1),
       ('Snacks', 'Refrigerios y golosinas', 1),
       ('Limpieza', 'Productos de limpieza del hogar', 1),
       ('Hogar', 'Artículos del hogar', 1);

INSERT INTO dbo.Productos (Codigo, Nombre, Descripcion, CategoriaId, PrecioCompra, PrecioVenta, Stock, StockMinimo, Activo)
VALUES 
    ('B001', 'Agua Mineral 500ml', 'Agua mineral sin gas', 1, 1.50, 3.00, 40, 10, 1),
    ('B002', 'Gaseosa Cola 600ml', 'Gaseosa sabor cola', 1, 2.00, 5.00, 30, 8, 1),
    ('S001', 'Chips de papa', 'Papas fritas 200g', 2, 1.80, 4.50, 25, 5, 1),
    ('L001', 'Detergente 1L', 'Detergente para ropa', 3, 4.00, 9.00, 18, 6, 1),
    ('H001', 'Escoba', 'Escoba para uso doméstico', 4, 5.00, 12.00, 12, 3, 1);

SELECT 'Datos semilla cargados correctamente.' AS Resultado;
GO
